
Microsoft Visual Studio Solution File, Format Version 12.00
# Visual Studio Version 17
VisualStudioVersion = 17.9.34622.214
MinimumVisualStudioVersion = 10.0.40219.1
Project("{9A19103F-16F7-4668-BE54-9A1E7A4F7556}") = "AotAssistant", "AotAssistant.csproj", "{B64BA0B4-8F04-4FE9-8A63-7873FE04EB41}"
EndProject
Global
	GlobalSection(SolutionConfigurationPlatforms) = preSolution
		Debug|Any CPU = Debug|Any CPU
		Release|Any CPU = Release|Any CPU
	EndGlobalSection
	GlobalSection(ProjectConfigurationPlatforms) = postSolution
		{B64BA0B4-8F04-4FE9-8A63-7873FE04EB41}.Debug|Any CPU.ActiveCfg = Debug|Any CPU
		{B64BA0B4-8F04-4FE9-8A63-7873FE04EB41}.Debug|Any CPU.Build.0 = Debug|Any CPU
		{B64BA0B4-8F04-4FE9-8A63-7873FE04EB41}.Release|Any CPU.ActiveCfg = Release|Any CPU
		{B64BA0B4-8F04-4FE9-8A63-7873FE04EB41}.Release|Any CPU.Build.0 = Release|Any CPU
	EndGlobalSection
	GlobalSection(SolutionProperties) = preSolution
		HideSolutionNode = FALSE
	EndGlobalSection
EndGlobal
